// !$*UTF8*$!
{
	archiveVersion = 1;
	classes = {
	};
	objectVersion = 56;
	objects = {

/* Begin PBXBuildFile section */
		668092E32B0D975800459FE6 /* ItemRow.swift in Sources */ = {isa = PBXBuildFile; fileRef = 668092E22B0D975800459FE6 /* ItemRow.swift */; };
		6686DE9D2B0B3ADA00B806B7 /* ReamSampleInSwiftUIApp.swift in Sources */ = {isa = PBXBuildFile; fileRef = 6686DE9C2B0B3ADA00B806B7 /* ReamSampleInSwiftUIApp.swift */; };
		6686DE9F2B0B3ADA00B806B7 /* LocalOnlyContentView.swift in Sources */ = {isa = PBXBuildFile; fileRef = 6686DE9E2B0B3ADA00B806B7 /* LocalOnlyContentView.swift */; };
		6686DEA12B0B3ADC00B806B7 /* Assets.xcassets in Resources */ = {isa = PBXBuildFile; fileRef = 6686DEA02B0B3ADC00B806B7 /* Assets.xcassets */; };
		6686DEA42B0B3ADC00B806B7 /* Preview Assets.xcassets in Resources */ = {isa = PBXBuildFile; fileRef = 6686DEA32B0B3ADC00B806B7 /* Preview Assets.xcassets */; };
		6686DEAC2B0B3D2200B806B7 /* Realm in Frameworks */ = {isa = PBXBuildFile; productRef = 6686DEAB2B0B3D2200B806B7 /* Realm */; };
		6686DEAE2B0B3D2200B806B7 /* RealmSwift in Frameworks */ = {isa = PBXBuildFile; productRef = 6686DEAD2B0B3D2200B806B7 /* RealmSwift */; };
		6686DEB22B0B455C00B806B7 /* ItemModel.swift in Sources */ = {isa = PBXBuildFile; fileRef = 6686DEB12B0B455C00B806B7 /* ItemModel.swift */; };
		6686DEB42B0B470E00B806B7 /* ItemView.swift in Sources */ = {isa = PBXBuildFile; fileRef = 6686DEB32B0B470E00B806B7 /* ItemView.swift */; };
		6686DEB62B0B479800B806B7 /* ItemDetailView.swift in Sources */ = {isa = PBXBuildFile; fileRef = 6686DEB52B0B479800B806B7 /* ItemDetailView.swift */; };
/* End PBXBuildFile section */

/* Begin PBXFileReference section */
		668092E22B0D975800459FE6 /* ItemRow.swift */ = {isa = PBXFileReference; lastKnownFileType = sourcecode.swift; path = ItemRow.swift; sourceTree = "<group>"; };
		6686DE992B0B3ADA00B806B7 /* ReamSampleInSwiftUI.app */ = {isa = PBXFileReference; explicitFileType = wrapper.application; includeInIndex = 0; path = ReamSampleInSwiftUI.app; sourceTree = BUILT_PRODUCTS_DIR; };
		6686DE9C2B0B3ADA00B806B7 /* ReamSampleInSwiftUIApp.swift */ = {isa = PBXFileReference; lastKnownFileType = sourcecode.swift; path = ReamSampleInSwiftUIApp.swift; sourceTree = "<group>"; };
		6686DE9E2B0B3ADA00B806B7 /* LocalOnlyContentView.swift */ = {isa = PBXFileReference; lastKnownFileType = sourcecode.swift; path = LocalOnlyContentView.swift; sourceTree = "<group>"; };
		6686DEA02B0B3ADC00B806B7 /* Assets.xcassets */ = {isa = PBXFileReference; lastKnownFileType = folder.assetcatalog; path = Assets.xcassets; sourceTree = "<group>"; };
		6686DEA32B0B3ADC00B806B7 /* Preview Assets.xcassets */ = {isa = PBXFileReference; lastKnownFileType = folder.assetcatalog; path = "Preview Assets.xcassets"; sourceTree = "<group>"; };
		6686DEB12B0B455C00B806B7 /* ItemModel.swift */ = {isa = PBXFileReference; lastKnownFileType = sourcecode.swift; path = ItemModel.swift; sourceTree = "<group>"; };
		6686DEB32B0B470E00B806B7 /* ItemView.swift */ = {isa = PBXFileReference; lastKnownFileType = sourcecode.swift; path = ItemView.swift; sourceTree = "<group>"; };
		6686DEB52B0B479800B806B7 /* ItemDetailView.swift */ = {isa = PBXFileReference; lastKnownFileType = sourcecode.swift; path = ItemDetailView.swift; sourceTree = "<group>"; };
/* End PBXFileReference section */

/* Begin PBXFrameworksBuildPhase section */
		6686DE962B0B3ADA00B806B7 /* Frameworks */ = {
			isa = PBXFrameworksBuildPhase;
			buildActionMask = 2147483647;
			files = (
				6686DEAE2B0B3D2200B806B7 /* RealmSwift in Frameworks */,
				6686DEAC2B0B3D2200B806B7 /* Realm in Frameworks */,
			);
			runOnlyForDeploymentPostprocessing = 0;
		};
/* End PBXFrameworksBuildPhase section */

/* Begin PBXGroup section */
		668092E42B0D977A00459FE6 /* Model */ = {
			isa = PBXGroup;
			children = (
				6686DEB12B0B455C00B806B7 /* ItemModel.swift */,
			);
			path = Model;
			sourceTree = "<group>";
		};
		6686DE902B0B3ADA00B806B7 = {
			isa = PBXGroup;
			children = (
				6686DE9B2B0B3ADA00B806B7 /* ReamSampleInSwiftUI */,
				6686DE9A2B0B3ADA00B806B7 /* Products */,
			);
			sourceTree = "<group>";
		};
		6686DE9A2B0B3ADA00B806B7 /* Products */ = {
			isa = PBXGroup;
			children = (
				6686DE992B0B3ADA00B806B7 /* ReamSampleInSwiftUI.app */,
			);
			name = Products;
			sourceTree = "<group>";
		};
		6686DE9B2B0B3ADA00B806B7 /* ReamSampleInSwiftUI */ = {
			isa = PBXGroup;
			children = (
				6686DE9C2B0B3ADA00B806B7 /* ReamSampleInSwiftUIApp.swift */,
				6686DE9E2B0B3ADA00B806B7 /* LocalOnlyContentView.swift */,
				6686DEB32B0B470E00B806B7 /* ItemView.swift */,
				668092E22B0D975800459FE6 /* ItemRow.swift */,
				6686DEB52B0B479800B806B7 /* ItemDetailView.swift */,
				668092E42B0D977A00459FE6 /* Model */,
				6686DEA02B0B3ADC00B806B7 /* Assets.xcassets */,
				6686DEA22B0B3ADC00B806B7 /* Preview Content */,
			);
			path = ReamSampleInSwiftUI;
			sourceTree = "<group>";
		};
		6686DEA22B0B3ADC00B806B7 /* Preview Content */ = {
			isa = PBXGroup;
			children = (
				6686DEA32B0B3ADC00B806B7 /* Preview Assets.xcassets */,
			);
			path = "Preview Content";
			sourceTree = "<group>";
		};
/* End PBXGroup section */

/* Begin PBXNativeTarget section */
		6686DE982B0B3ADA00B806B7 /* ReamSampleInSwiftUI */ = {
			isa = PBXNativeTarget;
			buildConfigurationList = 6686DEA72B0B3ADC00B806B7 /* Build configuration list for PBXNativeTarget "ReamSampleInSwiftUI" */;
			buildPhases = (
				6686DE952B0B3ADA00B806B7 /* Sources */,
				6686DE962B0B3ADA00B806B7 /* Frameworks */,
				6686DE972B0B3ADA00B806B7 /* Resources */,
			);
			buildRules = (
			);
			dependencies = (
			);
			name = ReamSampleInSwiftUI;
			packageProductDependencies = (
				6686DEAB2B0B3D2200B806B7 /* Realm */,
				6686DEAD2B0B3D2200B806B7 /* RealmSwift */,
			);
			productName = ReamSampleInSwiftUI;
			productReference = 6686DE992B0B3ADA00B806B7 /* ReamSampleInSwiftUI.app */;
			productType = "com.apple.product-type.application";
		};
/* End PBXNativeTarget section */

/* Begin PBXProject section */
		6686DE912B0B3ADA00B806B7 /* Project object */ = {
			isa = PBXProject;
			attributes = {
				BuildIndependentTargetsInParallel = 1;
				LastSwiftUpdateCheck = 1500;
				LastUpgradeCheck = 1500;
				TargetAttributes = {
					6686DE982B0B3ADA00B806B7 = {
						CreatedOnToolsVersion = 15.0.1;
					};
				};
			};
			buildConfigurationList = 6686DE942B0B3ADA00B806B7 /* Build configuration list for PBXProject "ReamSampleInSwiftUI" */;
			compatibilityVersion = "Xcode 14.0";
			developmentRegion = en;
			hasScannedForEncodings = 0;
			knownRegions = (
				en,
				Base,
			);
			mainGroup = 6686DE902B0B3ADA00B806B7;
			packageReferences = (
				6686DEAA2B0B3D2200B806B7 /* XCRemoteSwiftPackageReference "realm-swift" */,
			);
			productRefGroup = 6686DE9A2B0B3ADA00B806B7 /* Products */;
			projectDirPath = "";
			projectRoot = "";
			targets = (
				6686DE982B0B3ADA00B806B7 /* ReamSampleInSwiftUI */,
			);
		};
/* End PBXProject section */

/* Begin PBXResourcesBuildPhase section */
		6686DE972B0B3ADA00B806B7 /* Resources */ = {
			isa = PBXResourcesBuildPhase;
			buildActionMask = 2147483647;
			files = (
				6686DEA42B0B3ADC00B806B7 /* Preview Assets.xcassets in Resources */,
				6686DEA12B0B3ADC00B806B7 /* Assets.xcassets in Resources */,
			);
			runOnlyForDeploymentPostprocessing = 0;
		};
/* End PBXResourcesBuildPhase section */

/* Begin PBXSourcesBuildPhase section */
		6686DE952B0B3ADA00B806B7 /* Sources */ = {
			isa = PBXSourcesBuildPhase;
			buildActionMask = 2147483647;
			files = (
				6686DEB62B0B479800B806B7 /* ItemDetailView.swift in Sources */,
				6686DEB22B0B455C00B806B7 /* ItemModel.swift in Sources */,
				6686DE9F2B0B3ADA00B806B7 /* LocalOnlyContentView.swift in Sources */,
				668092E32B0D975800459FE6 /* ItemRow.swift in Sources */,
				6686DE9D2B0B3ADA00B806B7 /* ReamSampleInSwiftUIApp.swift in Sources */,
				6686DEB42B0B470E00B806B7 /* ItemView.swift in Sources */,
			);
			runOnlyForDeploymentPostprocessing = 0;
		};
/* End PBXSourcesBuildPhase section */

/* Begin XCBuildConfiguration section */
		6686DEA52B0B3ADC00B806B7 /* Debug */ = {
			isa = XCBuildConfiguration;
			buildSettings = {
				ALWAYS_SEARCH_USER_PATHS = NO;
				ASSETCATALOG_COMPILER_GENERATE_SWIFT_ASSET_SYMBOL_EXTENSIONS = YES;
				CLANG_ANALYZER_NONNULL = YES;
				CLANG_ANALYZER_NUMBER_OBJECT_CONVERSION = YES_AGGRESSIVE;
				CLANG_CXX_LANGUAGE_STANDARD = "gnu++20";
				CLANG_ENABLE_MODULES = YES;
				CLANG_ENABLE_OBJC_ARC = YES;
				CLANG_ENABLE_OBJC_WEAK = YES;
				CLANG_WARN_BLOCK_CAPTURE_AUTORELEASING = YES;
				CLANG_WARN_BOOL_CONVERSION = YES;
				CLANG_WARN_COMMA = YES;
				CLANG_WARN_CONSTANT_CONVERSION = YES;
				CLANG_WARN_DEPRECATED_OBJC_IMPLEMENTATIONS = YES;
				CLANG_WARN_DIRECT_OBJC_ISA_USAGE = YES_ERROR;
				CLANG_WARN_DOCUMENTATION_COMMENTS = YES;
				CLANG_WARN_EMPTY_BODY = YES;
				CLANG_WARN_ENUM_CONVERSION = YES;
				CLANG_WARN_INFINITE_RECURSION = YES;
				CLANG_WARN_INT_CONVERSION = YES;
				CLANG_WARN_NON_LITERAL_NULL_CONVERSION = YES;
				CLANG_WARN_OBJC_IMPLICIT_RETAIN_SELF = YES;
				CLANG_WARN_OBJC_LITERAL_CONVERSION = YES;
				CLANG_WARN_OBJC_ROOT_CLASS = YES_ERROR;
				CLANG_WARN_QUOTED_INCLUDE_IN_FRAMEWORK_HEADER = YES;
				CLANG_WARN_RANGE_LOOP_ANALYSIS = YES;
				CLANG_WARN_STRICT_PROTOTYPES = YES;
				CLANG_WARN_SUSPICIOUS_MOVE = YES;
				CLANG_WARN_UNGUARDED_AVAILABILITY = YES_AGGRESSIVE;
				CLANG_WARN_UNREACHABLE_CODE = YES;
				CLANG_WARN__DUPLICATE_METHOD_MATCH = YES;
				COPY_PHASE_STRIP = NO;
				DEBUG_INFORMATION_FORMAT = dwarf;
				ENABLE_STRICT_OBJC_MSGSEND = YES;
				ENABLE_TESTABILITY = YES;
				ENABLE_USER_SCRIPT_SANDBOXING = YES;
				GCC_C_LANGUAGE_STANDARD = gnu17;
				GCC_DYNAMIC_NO_PIC = NO;
				GCC_NO_COMMON_BLOCKS = YES;
				GCC_OPTIMIZATION_LEVEL = 0;
				GCC_PREPROCESSOR_DEFINITIONS = (
					"DEBUG=1",
					"$(inherited)",
				);
				GCC_WARN_64_TO_32_BIT_CONVERSION = YES;
				GCC_WARN_ABOUT_RETURN_TYPE = YES_ERROR;
				GCC_WARN_UNDECLARED_SELECTOR = YES;
				GCC_WARN_UNINITIALIZED_AUTOS = YES_AGGRESSIVE;
				GCC_WARN_UNUSED_FUNCTION = YES;
				GCC_WARN_UNUSED_VARIABLE = YES;
				IPHONEOS_DEPLOYMENT_TARGET = 17.0;
				LOCALIZATION_PREFERS_STRING_CATALOGS = YES;
				MTL_ENABLE_DEBUG_INFO = INCLUDE_SOURCE;
				MTL_FAST_MATH = YES;
				ONLY_ACTIVE_ARCH = YES;
				SDKROOT = iphoneos;
				SWIFT_ACTIVE_COMPILATION_CONDITIONS = "DEBUG $(inherited)";
				SWIFT_OPTIMIZATION_LEVEL = "-Onone";
			};
			name = Debug;
		};
		6686DEA62B0B3ADC00B806B7 /* Release */ = {
			isa = XCBuildConfiguration;
			buildSettings = {
				ALWAYS_SEARCH_USER_PATHS = NO;
				ASSETCATALOG_COMPILER_GENERATE_SWIFT_ASSET_SYMBOL_EXTENSIONS = YES;
				CLANG_ANALYZER_NONNULL = YES;
				CLANG_ANALYZER_NUMBER_OBJECT_CONVERSION = YES_AGGRESSIVE;
				CLANG_CXX_LANGUAGE_STANDARD = "gnu++20";
				CLANG_ENABLE_MODULES = YES;
				CLANG_ENABLE_OBJC_ARC = YES;
				CLANG_ENABLE_OBJC_WEAK = YES;
				CLANG_WARN_BLOCK_CAPTURE_AUTORELEASING = YES;
				CLANG_WARN_BOOL_CONVERSION = YES;
				CLANG_WARN_COMMA = YES;
				CLANG_WARN_CONSTANT_CONVERSION = YES;
				CLANG_WARN_DEPRECATED_OBJC_IMPLEMENTATIONS = YES;
				CLANG_WARN_DIRECT_OBJC_ISA_USAGE = YES_ERROR;
				CLANG_WARN_DOCUMENTATION_COMMENTS = YES;
				CLANG_WARN_EMPTY_BODY = YES;
				CLANG_WARN_ENUM_CONVERSION = YES;
				CLANG_WARN_INFINITE_RECURSION = YES;
				CLANG_WARN_INT_CONVERSION = YES;
				CLANG_WARN_NON_LITERAL_NULL_CONVERSION = YES;
				CLANG_WARN_OBJC_IMPLICIT_RETAIN_SELF = YES;
				CLANG_WARN_OBJC_LITERAL_CONVERSION = YES;
				CLANG_WARN_OBJC_ROOT_CLASS = YES_ERROR;
				CLANG_WARN_QUOTED_INCLUDE_IN_FRAMEWORK_HEADER = YES;
				CLANG_WARN_RANGE_LOOP_ANALYSIS = YES;
				CLANG_WARN_STRICT_PROTOTYPES = YES;
				CLANG_WARN_SUSPICIOUS_MOVE = YES;
				CLANG_WARN_UNGUARDED_AVAILABILITY = YES_AGGRESSIVE;
				CLANG_WARN_UNREACHABLE_CODE = YES;
				CLANG_WARN__DUPLICATE_METHOD_MATCH = YES;
				COPY_PHASE_STRIP = NO;
				DEBUG_INFORMATION_FORMAT = "dwarf-with-dsym";
				ENABLE_NS_ASSERTIONS = NO;
				ENABLE_STRICT_OBJC_MSGSEND = YES;
				ENABLE_USER_SCRIPT_SANDBOXING = YES;
				GCC_C_LANGUAGE_STANDARD = gnu17;
				GCC_NO_COMMON_BLOCKS = YES;
				GCC_WARN_64_TO_32_BIT_CONVERSION = YES;
				GCC_WARN_ABOUT_RETURN_TYPE = YES_ERROR;
				GCC_WARN_UNDECLARED_SELECTOR = YES;
				GCC_WARN_UNINITIALIZED_AUTOS = YES_AGGRESSIVE;
				GCC_WARN_UNUSED_FUNCTION = YES;
				GCC_WARN_UNUSED_VARIABLE = YES;
				IPHONEOS_DEPLOYMENT_TARGET = 17.0;
				LOCALIZATION_PREFERS_STRING_CATALOGS = YES;
				MTL_ENABLE_DEBUG_INFO = NO;
				MTL_FAST_MATH = YES;
				SDKROOT = iphoneos;
				SWIFT_COMPILATION_MODE = wholemodule;
				VALIDATE_PRODUCT = YES;
			};
			name = Release;
		};
		6686DEA82B0B3ADC00B806B7 /* Debug */ = {
			isa = XCBuildConfiguration;
			buildSettings = {
				ASSETCATALOG_COMPILER_APPICON_NAME = AppIcon;
				ASSETCATALOG_COMPILER_GLOBAL_ACCENT_COLOR_NAME = AccentColor;
				CODE_SIGN_STYLE = Automatic;
				CURRENT_PROJECT_VERSION = 1;
				DEVELOPMENT_ASSET_PATHS = "\"ReamSampleInSwiftUI/Preview Content\"";
				DEVELOPMENT_TEAM = DJ7VR35KC8;
				ENABLE_PREVIEWS = YES;
				GENERATE_INFOPLIST_FILE = YES;
				INFOPLIST_KEY_UIApplicationSceneManifest_Generation = YES;
				INFOPLIST_KEY_UIApplicationSupportsIndirectInputEvents = YES;
				INFOPLIST_KEY_UILaunchScreen_Generation = YES;
				INFOPLIST_KEY_UISupportedInterfaceOrientations_iPad = "UIInterfaceOrientationPortrait UIInterfaceOrientationPortraitUpsideDown UIInterfaceOrientationLandscapeLeft UIInterfaceOrientationLandscapeRight";
				INFOPLIST_KEY_UISupportedInterfaceOrientations_iPhone = "UIInterfaceOrientationPortrait UIInterfaceOrientationLandscapeLeft UIInterfaceOrientationLandscapeRight";
				LD_RUNPATH_SEARCH_PATHS = (
					"$(inherited)",
					"@executable_path/Frameworks",
				);
				MARKETING_VERSION = 1.0;
				PRODUCT_BUNDLE_IDENTIFIER = ryomuranaka.ReamSampleInSwiftUI;
				PRODUCT_NAME = "$(TARGET_NAME)";
				SWIFT_EMIT_LOC_STRINGS = YES;
				SWIFT_VERSION = 5.0;
				TARGETED_DEVICE_FAMILY = "1,2";
			};
			name = Debug;
		};
		6686DEA92B0B3ADC00B806B7 /* Release */ = {
			isa = XCBuildConfiguration;
			buildSettings = {
				ASSETCATALOG_COMPILER_APPICON_NAME = AppIcon;
				ASSETCATALOG_COMPILER_GLOBAL_ACCENT_COLOR_NAME = AccentColor;
				CODE_SIGN_STYLE = Automatic;
				CURRENT_PROJECT_VERSION = 1;
				DEVELOPMENT_ASSET_PATHS = "\"ReamSampleInSwiftUI/Preview Content\"";
				DEVELOPMENT_TEAM = DJ7VR35KC8;
				ENABLE_PREVIEWS = YES;
				GENERATE_INFOPLIST_FILE = YES;
				INFOPLIST_KEY_UIApplicationSceneManifest_Generation = YES;
				INFOPLIST_KEY_UIApplicationSupportsIndirectInputEvents = YES;
				INFOPLIST_KEY_UILaunchScreen_Generation = YES;
				INFOPLIST_KEY_UISupportedInterfaceOrientations_iPad = "UIInterfaceOrientationPortrait UIInterfaceOrientationPortraitUpsideDown UIInterfaceOrientationLandscapeLeft UIInterfaceOrientationLandscapeRight";
				INFOPLIST_KEY_UISupportedInterfaceOrientations_iPhone = "UIInterfaceOrientationPortrait UIInterfaceOrientationLandscapeLeft UIInterfaceOrientationLandscapeRight";
				LD_RUNPATH_SEARCH_PATHS = (
					"$(inherited)",
					"@executable_path/Frameworks",
				);
				MARKETING_VERSION = 1.0;
				PRODUCT_BUNDLE_IDENTIFIER = ryomuranaka.ReamSampleInSwiftUI;
				PRODUCT_NAME = "$(TARGET_NAME)";
				SWIFT_EMIT_LOC_STRINGS = YES;
				SWIFT_VERSION = 5.0;
				TARGETED_DEVICE_FAMILY = "1,2";
			};
			name = Release;
		};
/* End XCBuildConfiguration section */

/* Begin XCConfigurationList section */
		6686DE942B0B3ADA00B806B7 /* Build configuration list for PBXProject "ReamSampleInSwiftUI" */ = {
			isa = XCConfigurationList;
			buildConfigurations = (
				6686DEA52B0B3ADC00B806B7 /* Debug */,
				6686DEA62B0B3ADC00B806B7 /* Release */,
			);
			defaultConfigurationIsVisible = 0;
			defaultConfigurationName = Release;
		};
		6686DEA72B0B3ADC00B806B7 /* Build configuration list for PBXNativeTarget "ReamSampleInSwiftUI" */ = {
			isa = XCConfigurationList;
			buildConfigurations = (
				6686DEA82B0B3ADC00B806B7 /* Debug */,
				6686DEA92B0B3ADC00B806B7 /* Release */,
			);
			defaultConfigurationIsVisible = 0;
			defaultConfigurationName = Release;
		};
/* End XCConfigurationList section */

/* Begin XCRemoteSwiftPackageReference section */
		6686DEAA2B0B3D2200B806B7 /* XCRemoteSwiftPackageReference "realm-swift" */ = {
			isa = XCRemoteSwiftPackageReference;
			repositoryURL = "https://github.com/realm/realm-swift.git";
			requirement = {
				branch = master;
				kind = branch;
			};
		};
/* End XCRemoteSwiftPackageReference section */

/* Begin XCSwiftPackageProductDependency section */
		6686DEAB2B0B3D2200B806B7 /* Realm */ = {
			isa = XCSwiftPackageProductDependency;
			package = 6686DEAA2B0B3D2200B806B7 /* XCRemoteSwiftPackageReference "realm-swift" */;
			productName = Realm;
		};
		6686DEAD2B0B3D2200B806B7 /* RealmSwift */ = {
			isa = XCSwiftPackageProductDependency;
			package = 6686DEAA2B0B3D2200B806B7 /* XCRemoteSwiftPackageReference "realm-swift" */;
			productName = RealmSwift;
		};
/* End XCSwiftPackageProductDependency section */
	};
	rootObject = 6686DE912B0B3ADA00B806B7 /* Project object */;
}
